Microsoft Visual Studio Solution File, Format Version 11.00
# Visual Studio 2010
Project("{E097FAD1-6243-4DAD-9C02-E9B9EFC3FFC1}") = "Assembly-CSharp", "Assembly-CSharp.csproj", "{6516F11F-F37B-1F14-2456-CC9020644D0E}"
EndProject
Project("{E097FAD1-6243-4DAD-9C02-E9B9EFC3FFC1}") = "Assembly-CSharp-Editor", "Assembly-CSharp-Editor.csproj", "{6DA86646-0B90-0EF1-D5CD-93A0B8FB991E}"
EndProject
Project("{E097FAD1-6243-4DAD-9C02-E9B9EFC3FFC1}") = "Assembly-CSharp-Editor-firstpass", "Assembly-CSharp-Editor-firstpass.csproj", "{0C16F809-0DAB-1C0F-A2C6-0897E27E7582}"
EndProject
Global
	GlobalSection(SolutionConfigurationPlatforms) = preSolution
		Debug|Any CPU = Debug|Any CPU
		Release|Any CPU = Release|Any CPU
	EndGlobalSection
	GlobalSection(ProjectConfigurationPlatforms) = postSolution
		{6516F11F-F37B-1F14-2456-CC9020644D0E}.Debug|Any CPU.ActiveCfg = Debug|Any CPU
		{6516F11F-F37B-1F14-2456-CC9020644D0E}.Debug|Any CPU.Build.0 = Debug|Any CPU
		{6516F11F-F37B-1F14-2456-CC9020644D0E}.Release|Any CPU.ActiveCfg = Release|Any CPU
		{6516F11F-F37B-1F14-2456-CC9020644D0E}.Release|Any CPU.Build.0 = Release|Any CPU
		{6DA86646-0B90-0EF1-D5CD-93A0B8FB991E}.Debug|Any CPU.ActiveCfg = Debug|Any CPU
		{6DA86646-0B90-0EF1-D5CD-93A0B8FB991E}.Debug|Any CPU.Build.0 = Debug|Any CPU
		{6DA86646-0B90-0EF1-D5CD-93A0B8FB991E}.Release|Any CPU.ActiveCfg = Release|Any CPU
		{6DA86646-0B90-0EF1-D5CD-93A0B8FB991E}.Release|Any CPU.Build.0 = Release|Any CPU
		{0C16F809-0DAB-1C0F-A2C6-0897E27E7582}.Debug|Any CPU.ActiveCfg = Debug|Any CPU
		{0C16F809-0DAB-1C0F-A2C6-0897E27E7582}.Debug|Any CPU.Build.0 = Debug|Any CPU
		{0C16F809-0DAB-1C0F-A2C6-0897E27E7582}.Release|Any CPU.ActiveCfg = Release|Any CPU
		{0C16F809-0DAB-1C0F-A2C6-0897E27E7582}.Release|Any CPU.Build.0 = Release|Any CPU
	EndGlobalSection
	GlobalSection(SolutionProperties) = preSolution
		HideSolutionNode = FALSE
	EndGlobalSection
	GlobalSection(MonoDevelopProperties) = preSolution
		StartupItem = Assembly-CSharp.csproj
	EndGlobalSection
EndGlobal
